
Microsoft Visual Studio Solution File, Format Version 12.00
# Visual Studio 15
VisualStudioVersion = 15.0.27703.2035
MinimumVisualStudioVersion = 10.0.40219.1
Project("{FAE04EC0-301F-11D3-BF4B-00C04F79EFBC}") = "Saleforce.Common.Api", "Saleforce.Common.Api\Saleforce.Common.Api.csproj", "{508E33E8-5A72-4D61-ADAD-B80EB8584D37}"
EndProject
Global
	GlobalSection(SolutionConfigurationPlatforms) = preSolution
		Debug|Any CPU = Debug|Any CPU
		Release|Any CPU = Release|Any CPU
	EndGlobalSection
	GlobalSection(ProjectConfigurationPlatforms) = postSolution
		{508E33E8-5A72-4D61-ADAD-B80EB8584D37}.Debug|Any CPU.ActiveCfg = Debug|Any CPU
		{508E33E8-5A72-4D61-ADAD-B80EB8584D37}.Debug|Any CPU.Build.0 = Debug|Any CPU
		{508E33E8-5A72-4D61-ADAD-B80EB8584D37}.Release|Any CPU.ActiveCfg = Release|Any CPU
		{508E33E8-5A72-4D61-ADAD-B80EB8584D37}.Release|Any CPU.Build.0 = Release|Any CPU
	EndGlobalSection
	GlobalSection(SolutionProperties) = preSolution
		HideSolutionNode = FALSE
	EndGlobalSection
	GlobalSection(ExtensibilityGlobals) = postSolution
		SolutionGuid = {3D368998-3507-4BF6-8AEA-8C793465B700}
	EndGlobalSection
EndGlobal
