
Microsoft Visual Studio Solution File, Format Version 12.00
# Visual Studio 15
VisualStudioVersion = 15.0.27703.2035
MinimumVisualStudioVersion = 10.0.40219.1
Project("{9A19103F-16F7-4668-BE54-9A1E7A4F7556}") = "Saleforce.Common.Cqrs", "Saleforce.Common.Cqrs\Saleforce.Common.Cqrs.csproj", "{778E7502-9474-47A5-B61F-C7DA2418C42F}"
EndProject
Global
	GlobalSection(SolutionConfigurationPlatforms) = preSolution
		Debug|Any CPU = Debug|Any CPU
		Release|Any CPU = Release|Any CPU
	EndGlobalSection
	GlobalSection(ProjectConfigurationPlatforms) = postSolution
		{778E7502-9474-47A5-B61F-C7DA2418C42F}.Debug|Any CPU.ActiveCfg = Debug|Any CPU
		{778E7502-9474-47A5-B61F-C7DA2418C42F}.Debug|Any CPU.Build.0 = Debug|Any CPU
		{778E7502-9474-47A5-B61F-C7DA2418C42F}.Release|Any CPU.ActiveCfg = Release|Any CPU
		{778E7502-9474-47A5-B61F-C7DA2418C42F}.Release|Any CPU.Build.0 = Release|Any CPU
	EndGlobalSection
	GlobalSection(SolutionProperties) = preSolution
		HideSolutionNode = FALSE
	EndGlobalSection
	GlobalSection(ExtensibilityGlobals) = postSolution
		SolutionGuid = {37227C34-F588-4BCB-99C9-1C9EC34B398B}
	EndGlobalSection
EndGlobal
