
Microsoft Visual Studio Solution File, Format Version 12.00
# Visual Studio Version 16
VisualStudioVersion = 16.0.29215.179
MinimumVisualStudioVersion = 10.0.40219.1
Project("{FAE04EC0-301F-11D3-BF4B-00C04F79EFBC}") = "Saleforce.Deliveries.Api", "Saleforce.Deliveries.Api\Saleforce.Deliveries.Api.csproj", "{9AB33C6A-46AC-4ABC-AF0A-BDAF432145FC}"
EndProject
Global
	GlobalSection(SolutionConfigurationPlatforms) = preSolution
		Debug|Any CPU = Debug|Any CPU
		Release|Any CPU = Release|Any CPU
	EndGlobalSection
	GlobalSection(ProjectConfigurationPlatforms) = postSolution
		{9AB33C6A-46AC-4ABC-AF0A-BDAF432145FC}.Debug|Any CPU.ActiveCfg = Debug|Any CPU
		{9AB33C6A-46AC-4ABC-AF0A-BDAF432145FC}.Debug|Any CPU.Build.0 = Debug|Any CPU
		{9AB33C6A-46AC-4ABC-AF0A-BDAF432145FC}.Release|Any CPU.ActiveCfg = Release|Any CPU
		{9AB33C6A-46AC-4ABC-AF0A-BDAF432145FC}.Release|Any CPU.Build.0 = Release|Any CPU
	EndGlobalSection
	GlobalSection(SolutionProperties) = preSolution
		HideSolutionNode = FALSE
	EndGlobalSection
	GlobalSection(ExtensibilityGlobals) = postSolution
		SolutionGuid = {827F348C-B292-4F56-87F9-8FE182EB8801}
	EndGlobalSection
EndGlobal
