
Microsoft Visual Studio Solution File, Format Version 12.00
# Visual Studio 15
VisualStudioVersion = 15.0.27703.2035
MinimumVisualStudioVersion = 10.0.40219.1
Project("{FAE04EC0-301F-11D3-BF4B-00C04F79EFBC}") = "Saleforce.Common", "Saleforce.Common\Saleforce.Common.csproj", "{7E96D292-960F-4ABD-A390-70AEF2FBF54E}"
EndProject
Global
	GlobalSection(SolutionConfigurationPlatforms) = preSolution
		Debug|Any CPU = Debug|Any CPU
		Release|Any CPU = Release|Any CPU
	EndGlobalSection
	GlobalSection(ProjectConfigurationPlatforms) = postSolution
		{7E96D292-960F-4ABD-A390-70AEF2FBF54E}.Debug|Any CPU.ActiveCfg = Debug|Any CPU
		{7E96D292-960F-4ABD-A390-70AEF2FBF54E}.Debug|Any CPU.Build.0 = Debug|Any CPU
		{7E96D292-960F-4ABD-A390-70AEF2FBF54E}.Release|Any CPU.ActiveCfg = Release|Any CPU
		{7E96D292-960F-4ABD-A390-70AEF2FBF54E}.Release|Any CPU.Build.0 = Release|Any CPU
	EndGlobalSection
	GlobalSection(SolutionProperties) = preSolution
		HideSolutionNode = FALSE
	EndGlobalSection
	GlobalSection(ExtensibilityGlobals) = postSolution
		SolutionGuid = {920F8F6A-335E-4EC4-8B3C-2ABE80AE419B}
	EndGlobalSection
EndGlobal
